// !$*UTF8*$!
{
	archiveVersion = 1;
	classes = {
	};
	objectVersion = 46;
	objects = {

/* Begin PBXBuildFile section */
		27267B011D8D63DE001DA8D4 /* AppDelegate.m in Sources */ = {isa = PBXBuildFile; fileRef = 27267B001D8D63DE001DA8D4 /* AppDelegate.m */; };
		27267B041D8D63DE001DA8D4 /* main.m in Sources */ = {isa = PBXBuildFile; fileRef = 27267B031D8D63DE001DA8D4 /* main.m */; };
		27267B061D8D63DE001DA8D4 /* Assets.xcassets in Resources */ = {isa = PBXBuildFile; fileRef = 27267B051D8D63DE001DA8D4 /* Assets.xcassets */; };
		27267B091D8D63DE001DA8D4 /* MainMenu.xib in Resources */ = {isa = PBXBuildFile; fileRef = 27267B071D8D63DE001DA8D4 /* MainMenu.xib */; };
		27267B171D8D6404001DA8D4 /* Cocoa.framework in Frameworks */ = {isa = PBXBuildFile; fileRef = 27267B161D8D6404001DA8D4 /* Cocoa.framework */; };
		27267B1D1D8D6404001DA8D4 /* SourceEditorExtension.m in Sources */ = {isa = PBXBuildFile; fileRef = 27267B1C1D8D6404001DA8D4 /* SourceEditorExtension.m */; };
		27267B201D8D6404001DA8D4 /* SourceEditorCommand.m in Sources */ = {isa = PBXBuildFile; fileRef = 27267B1F1D8D6404001DA8D4 /* SourceEditorCommand.m */; };
		27267B241D8D6404001DA8D4 /* Manage Comments.appex in Embed App Extensions */ = {isa = PBXBuildFile; fileRef = 27267B141D8D6404001DA8D4 /* Manage Comments.appex */; settings = {ATTRIBUTES = (RemoveHeadersOnCopy, ); }; };
		2768D06E1D8D74CD002E6B3A /* NSString+hasPrefixIgnoringWhiteSpace.m in Sources */ = {isa = PBXBuildFile; fileRef = 2768D06D1D8D74CD002E6B3A /* NSString+hasPrefixIgnoringWhiteSpace.m */; };
/* End PBXBuildFile section */

/* Begin PBXContainerItemProxy section */
		27267B221D8D6404001DA8D4 /* PBXContainerItemProxy */ = {
			isa = PBXContainerItemProxy;
			containerPortal = 27267AF41D8D63DE001DA8D4 /* Project object */;
			proxyType = 1;
			remoteGlobalIDString = 27267B131D8D6404001DA8D4;
			remoteInfo = "Manage Comments";
		};
/* End PBXContainerItemProxy section */

/* Begin PBXCopyFilesBuildPhase section */
		27267B281D8D6404001DA8D4 /* Embed App Extensions */ = {
			isa = PBXCopyFilesBuildPhase;
			buildActionMask = 2147483647;
			dstPath = "";
			dstSubfolderSpec = 13;
			files = (
				27267B241D8D6404001DA8D4 /* Manage Comments.appex in Embed App Extensions */,
			);
			name = "Embed App Extensions";
			runOnlyForDeploymentPostprocessing = 0;
		};
/* End PBXCopyFilesBuildPhase section */

/* Begin PBXFileReference section */
		27267AFC1D8D63DE001DA8D4 /* LogDisabler.app */ = {isa = PBXFileReference; explicitFileType = wrapper.application; includeInIndex = 0; path = LogDisabler.app; sourceTree = BUILT_PRODUCTS_DIR; };
		27267AFF1D8D63DE001DA8D4 /* AppDelegate.h */ = {isa = PBXFileReference; lastKnownFileType = sourcecode.c.h; path = AppDelegate.h; sourceTree = "<group>"; };
		27267B001D8D63DE001DA8D4 /* AppDelegate.m */ = {isa = PBXFileReference; lastKnownFileType = sourcecode.c.objc; path = AppDelegate.m; sourceTree = "<group>"; };
		27267B031D8D63DE001DA8D4 /* main.m */ = {isa = PBXFileReference; lastKnownFileType = sourcecode.c.objc; path = main.m; sourceTree = "<group>"; };
		27267B051D8D63DE001DA8D4 /* Assets.xcassets */ = {isa = PBXFileReference; lastKnownFileType = folder.assetcatalog; path = Assets.xcassets; sourceTree = "<group>"; };
		27267B081D8D63DE001DA8D4 /* Base */ = {isa = PBXFileReference; lastKnownFileType = file.xib; name = Base; path = Base.lproj/MainMenu.xib; sourceTree = "<group>"; };
		27267B0A1D8D63DE001DA8D4 /* Info.plist */ = {isa = PBXFileReference; lastKnownFileType = text.plist.xml; path = Info.plist; sourceTree = "<group>"; };
		27267B141D8D6404001DA8D4 /* Manage Comments.appex */ = {isa = PBXFileReference; explicitFileType = "wrapper.app-extension"; includeInIndex = 0; path = "Manage Comments.appex"; sourceTree = BUILT_PRODUCTS_DIR; };
		27267B161D8D6404001DA8D4 /* Cocoa.framework */ = {isa = PBXFileReference; lastKnownFileType = wrapper.framework; name = Cocoa.framework; path = System/Library/Frameworks/Cocoa.framework; sourceTree = SDKROOT; };
		27267B1A1D8D6404001DA8D4 /* Manage_Comments.entitlements */ = {isa = PBXFileReference; lastKnownFileType = text.plist.entitlements; path = Manage_Comments.entitlements; sourceTree = "<group>"; };
		27267B1B1D8D6404001DA8D4 /* SourceEditorExtension.h */ = {isa = PBXFileReference; lastKnownFileType = sourcecode.c.h; path = SourceEditorExtension.h; sourceTree = "<group>"; };
		27267B1C1D8D6404001DA8D4 /* SourceEditorExtension.m */ = {isa = PBXFileReference; lastKnownFileType = sourcecode.c.objc; path = SourceEditorExtension.m; sourceTree = "<group>"; };
		27267B1E1D8D6404001DA8D4 /* SourceEditorCommand.h */ = {isa = PBXFileReference; lastKnownFileType = sourcecode.c.h; path = SourceEditorCommand.h; sourceTree = "<group>"; };
		27267B1F1D8D6404001DA8D4 /* SourceEditorCommand.m */ = {isa = PBXFileReference; lastKnownFileType = sourcecode.c.objc; path = SourceEditorCommand.m; sourceTree = "<group>"; };
		27267B211D8D6404001DA8D4 /* Info.plist */ = {isa = PBXFileReference; lastKnownFileType = text.plist.xml; path = Info.plist; sourceTree = "<group>"; };
		2768D06C1D8D74CD002E6B3A /* NSString+hasPrefixIgnoringWhiteSpace.h */ = {isa = PBXFileReference; fileEncoding = 4; lastKnownFileType = sourcecode.c.h; path = "NSString+hasPrefixIgnoringWhiteSpace.h"; sourceTree = "<group>"; };
		2768D06D1D8D74CD002E6B3A /* NSString+hasPrefixIgnoringWhiteSpace.m */ = {isa = PBXFileReference; fileEncoding = 4; lastKnownFileType = sourcecode.c.objc; path = "NSString+hasPrefixIgnoringWhiteSpace.m"; sourceTree = "<group>"; };
/* End PBXFileReference section */

/* Begin PBXFrameworksBuildPhase section */
		27267AF91D8D63DE001DA8D4 /* Frameworks */ = {
			isa = PBXFrameworksBuildPhase;
			buildActionMask = 2147483647;
			files = (
			);
			runOnlyForDeploymentPostprocessing = 0;
		};
		27267B111D8D6404001DA8D4 /* Frameworks */ = {
			isa = PBXFrameworksBuildPhase;
			buildActionMask = 2147483647;
			files = (
				27267B171D8D6404001DA8D4 /* Cocoa.framework in Frameworks */,
			);
			runOnlyForDeploymentPostprocessing = 0;
		};
/* End PBXFrameworksBuildPhase section */

/* Begin PBXGroup section */
		27267AF31D8D63DE001DA8D4 = {
			isa = PBXGroup;
			children = (
				27267AFE1D8D63DE001DA8D4 /* LogDisabler */,
				27267B181D8D6404001DA8D4 /* Manage Comments */,
				27267B151D8D6404001DA8D4 /* Frameworks */,
				27267AFD1D8D63DE001DA8D4 /* Products */,
			);
			sourceTree = "<group>";
		};
		27267AFD1D8D63DE001DA8D4 /* Products */ = {
			isa = PBXGroup;
			children = (
				27267AFC1D8D63DE001DA8D4 /* LogDisabler.app */,
				27267B141D8D6404001DA8D4 /* Manage Comments.appex */,
			);
			name = Products;
			sourceTree = "<group>";
		};
		27267AFE1D8D63DE001DA8D4 /* LogDisabler */ = {
			isa = PBXGroup;
			children = (
				27267AFF1D8D63DE001DA8D4 /* AppDelegate.h */,
				27267B001D8D63DE001DA8D4 /* AppDelegate.m */,
				27267B051D8D63DE001DA8D4 /* Assets.xcassets */,
				27267B071D8D63DE001DA8D4 /* MainMenu.xib */,
				27267B0A1D8D63DE001DA8D4 /* Info.plist */,
				27267B021D8D63DE001DA8D4 /* Supporting Files */,
			);
			path = LogDisabler;
			sourceTree = "<group>";
		};
		27267B021D8D63DE001DA8D4 /* Supporting Files */ = {
			isa = PBXGroup;
			children = (
				27267B031D8D63DE001DA8D4 /* main.m */,
			);
			name = "Supporting Files";
			sourceTree = "<group>";
		};
		27267B151D8D6404001DA8D4 /* Frameworks */ = {
			isa = PBXGroup;
			children = (
				27267B161D8D6404001DA8D4 /* Cocoa.framework */,
			);
			name = Frameworks;
			sourceTree = "<group>";
		};
		27267B181D8D6404001DA8D4 /* Manage Comments */ = {
			isa = PBXGroup;
			children = (
				27267B1B1D8D6404001DA8D4 /* SourceEditorExtension.h */,
				27267B1C1D8D6404001DA8D4 /* SourceEditorExtension.m */,
				27267B1E1D8D6404001DA8D4 /* SourceEditorCommand.h */,
				27267B1F1D8D6404001DA8D4 /* SourceEditorCommand.m */,
				27267B211D8D6404001DA8D4 /* Info.plist */,
				27267B191D8D6404001DA8D4 /* Supporting Files */,
				2768D06C1D8D74CD002E6B3A /* NSString+hasPrefixIgnoringWhiteSpace.h */,
				2768D06D1D8D74CD002E6B3A /* NSString+hasPrefixIgnoringWhiteSpace.m */,
			);
			path = "Manage Comments";
			sourceTree = "<group>";
		};
		27267B191D8D6404001DA8D4 /* Supporting Files */ = {
			isa = PBXGroup;
			children = (
				27267B1A1D8D6404001DA8D4 /* Manage_Comments.entitlements */,
			);
			name = "Supporting Files";
			sourceTree = "<group>";
		};
/* End PBXGroup section */

/* Begin PBXNativeTarget section */
		27267AFB1D8D63DE001DA8D4 /* LogDisabler */ = {
			isa = PBXNativeTarget;
			buildConfigurationList = 27267B0D1D8D63DE001DA8D4 /* Build configuration list for PBXNativeTarget "LogDisabler" */;
			buildPhases = (
				27267AF81D8D63DE001DA8D4 /* Sources */,
				27267AF91D8D63DE001DA8D4 /* Frameworks */,
				27267AFA1D8D63DE001DA8D4 /* Resources */,
				27267B281D8D6404001DA8D4 /* Embed App Extensions */,
			);
			buildRules = (
			);
			dependencies = (
				27267B231D8D6404001DA8D4 /* PBXTargetDependency */,
			);
			name = LogDisabler;
			productName = LogDisabler;
			productReference = 27267AFC1D8D63DE001DA8D4 /* LogDisabler.app */;
			productType = "com.apple.product-type.application";
		};
		27267B131D8D6404001DA8D4 /* Manage Comments */ = {
			isa = PBXNativeTarget;
			buildConfigurationList = 27267B251D8D6404001DA8D4 /* Build configuration list for PBXNativeTarget "Manage Comments" */;
			buildPhases = (
				27267B101D8D6404001DA8D4 /* Sources */,
				27267B111D8D6404001DA8D4 /* Frameworks */,
				27267B121D8D6404001DA8D4 /* Resources */,
			);
			buildRules = (
			);
			dependencies = (
			);
			name = "Manage Comments";
			productName = "Manage Comments";
			productReference = 27267B141D8D6404001DA8D4 /* Manage Comments.appex */;
			productType = "com.apple.product-type.xcode-extension";
		};
/* End PBXNativeTarget section */

/* Begin PBXProject section */
		27267AF41D8D63DE001DA8D4 /* Project object */ = {
			isa = PBXProject;
			attributes = {
				LastUpgradeCheck = 0800;
				ORGANIZATIONNAME = Miksoft;
				TargetAttributes = {
					27267AFB1D8D63DE001DA8D4 = {
						CreatedOnToolsVersion = 8.0;
						DevelopmentTeam = JSY962FCU8;
						ProvisioningStyle = Automatic;
					};
					27267B131D8D6404001DA8D4 = {
						CreatedOnToolsVersion = 8.0;
						DevelopmentTeam = JSY962FCU8;
						ProvisioningStyle = Automatic;
					};
				};
			};
			buildConfigurationList = 27267AF71D8D63DE001DA8D4 /* Build configuration list for PBXProject "LogDisabler" */;
			compatibilityVersion = "Xcode 3.2";
			developmentRegion = English;
			hasScannedForEncodings = 0;
			knownRegions = (
				en,
				Base,
			);
			mainGroup = 27267AF31D8D63DE001DA8D4;
			productRefGroup = 27267AFD1D8D63DE001DA8D4 /* Products */;
			projectDirPath = "";
			projectRoot = "";
			targets = (
				27267AFB1D8D63DE001DA8D4 /* LogDisabler */,
				27267B131D8D6404001DA8D4 /* Manage Comments */,
			);
		};
/* End PBXProject section */

/* Begin PBXResourcesBuildPhase section */
		27267AFA1D8D63DE001DA8D4 /* Resources */ = {
			isa = PBXResourcesBuildPhase;
			buildActionMask = 2147483647;
			files = (
				27267B061D8D63DE001DA8D4 /* Assets.xcassets in Resources */,
				27267B091D8D63DE001DA8D4 /* MainMenu.xib in Resources */,
			);
			runOnlyForDeploymentPostprocessing = 0;
		};
		27267B121D8D6404001DA8D4 /* Resources */ = {
			isa = PBXResourcesBuildPhase;
			buildActionMask = 2147483647;
			files = (
			);
			runOnlyForDeploymentPostprocessing = 0;
		};
/* End PBXResourcesBuildPhase section */

/* Begin PBXSourcesBuildPhase section */
		27267AF81D8D63DE001DA8D4 /* Sources */ = {
			isa = PBXSourcesBuildPhase;
			buildActionMask = 2147483647;
			files = (
				27267B041D8D63DE001DA8D4 /* main.m in Sources */,
				27267B011D8D63DE001DA8D4 /* AppDelegate.m in Sources */,
			);
			runOnlyForDeploymentPostprocessing = 0;
		};
		27267B101D8D6404001DA8D4 /* Sources */ = {
			isa = PBXSourcesBuildPhase;
			buildActionMask = 2147483647;
			files = (
				27267B1D1D8D6404001DA8D4 /* SourceEditorExtension.m in Sources */,
				27267B201D8D6404001DA8D4 /* SourceEditorCommand.m in Sources */,
				2768D06E1D8D74CD002E6B3A /* NSString+hasPrefixIgnoringWhiteSpace.m in Sources */,
			);
			runOnlyForDeploymentPostprocessing = 0;
		};
/* End PBXSourcesBuildPhase section */

/* Begin PBXTargetDependency section */
		27267B231D8D6404001DA8D4 /* PBXTargetDependency */ = {
			isa = PBXTargetDependency;
			target = 27267B131D8D6404001DA8D4 /* Manage Comments */;
			targetProxy = 27267B221D8D6404001DA8D4 /* PBXContainerItemProxy */;
		};
/* End PBXTargetDependency section */

/* Begin PBXVariantGroup section */
		27267B071D8D63DE001DA8D4 /* MainMenu.xib */ = {
			isa = PBXVariantGroup;
			children = (
				27267B081D8D63DE001DA8D4 /* Base */,
			);
			name = MainMenu.xib;
			sourceTree = "<group>";
		};
/* End PBXVariantGroup section */

/* Begin XCBuildConfiguration section */
		27267B0B1D8D63DE001DA8D4 /* Debug */ = {
			isa = XCBuildConfiguration;
			buildSettings = {
				ALWAYS_SEARCH_USER_PATHS = NO;
				CLANG_ANALYZER_NONNULL = YES;
				CLANG_CXX_LANGUAGE_STANDARD = "gnu++0x";
				CLANG_CXX_LIBRARY = "libc++";
				CLANG_ENABLE_MODULES = YES;
				CLANG_ENABLE_OBJC_ARC = YES;
				CLANG_WARN_BOOL_CONVERSION = YES;
				CLANG_WARN_CONSTANT_CONVERSION = YES;
				CLANG_WARN_DIRECT_OBJC_ISA_USAGE = YES_ERROR;
				CLANG_WARN_DOCUMENTATION_COMMENTS = YES;
				CLANG_WARN_EMPTY_BODY = YES;
				CLANG_WARN_ENUM_CONVERSION = YES;
				CLANG_WARN_INFINITE_RECURSION = YES;
				CLANG_WARN_INT_CONVERSION = YES;
				CLANG_WARN_OBJC_ROOT_CLASS = YES_ERROR;
				CLANG_WARN_SUSPICIOUS_MOVES = YES;
				CLANG_WARN_UNREACHABLE_CODE = YES;
				CLANG_WARN__DUPLICATE_METHOD_MATCH = YES;
				CODE_SIGN_IDENTITY = "-";
				COPY_PHASE_STRIP = NO;
				DEBUG_INFORMATION_FORMAT = dwarf;
				ENABLE_STRICT_OBJC_MSGSEND = YES;
				ENABLE_TESTABILITY = YES;
				GCC_C_LANGUAGE_STANDARD = gnu99;
				GCC_DYNAMIC_NO_PIC = NO;
				GCC_NO_COMMON_BLOCKS = YES;
				GCC_OPTIMIZATION_LEVEL = 0;
				GCC_PREPROCESSOR_DEFINITIONS = (
					"DEBUG=1",
					"$(inherited)",
				);
				GCC_WARN_64_TO_32_BIT_CONVERSION = YES;
				GCC_WARN_ABOUT_RETURN_TYPE = YES_ERROR;
				GCC_WARN_UNDECLARED_SELECTOR = YES;
				GCC_WARN_UNINITIALIZED_AUTOS = YES_AGGRESSIVE;
				GCC_WARN_UNUSED_FUNCTION = YES;
				GCC_WARN_UNUSED_VARIABLE = YES;
				MACOSX_DEPLOYMENT_TARGET = 10.11;
				MTL_ENABLE_DEBUG_INFO = YES;
				ONLY_ACTIVE_ARCH = YES;
				SDKROOT = macosx;
			};
			name = Debug;
		};
		27267B0C1D8D63DE001DA8D4 /* Release */ = {
			isa = XCBuildConfiguration;
			buildSettings = {
				ALWAYS_SEARCH_USER_PATHS = NO;
				CLANG_ANALYZER_NONNULL = YES;
				CLANG_CXX_LANGUAGE_STANDARD = "gnu++0x";
				CLANG_CXX_LIBRARY = "libc++";
				CLANG_ENABLE_MODULES = YES;
				CLANG_ENABLE_OBJC_ARC = YES;
				CLANG_WARN_BOOL_CONVERSION = YES;
				CLANG_WARN_CONSTANT_CONVERSION = YES;
				CLANG_WARN_DIRECT_OBJC_ISA_USAGE = YES_ERROR;
				CLANG_WARN_DOCUMENTATION_COMMENTS = YES;
				CLANG_WARN_EMPTY_BODY = YES;
				CLANG_WARN_ENUM_CONVERSION = YES;
				CLANG_WARN_INFINITE_RECURSION = YES;
				CLANG_WARN_INT_CONVERSION = YES;
				CLANG_WARN_OBJC_ROOT_CLASS = YES_ERROR;
				CLANG_WARN_SUSPICIOUS_MOVES = YES;
				CLANG_WARN_UNREACHABLE_CODE = YES;
				CLANG_WARN__DUPLICATE_METHOD_MATCH = YES;
				CODE_SIGN_IDENTITY = "-";
				COPY_PHASE_STRIP = NO;
				DEBUG_INFORMATION_FORMAT = "dwarf-with-dsym";
				ENABLE_NS_ASSERTIONS = NO;
				ENABLE_STRICT_OBJC_MSGSEND = YES;
				GCC_C_LANGUAGE_STANDARD = gnu99;
				GCC_NO_COMMON_BLOCKS = YES;
				GCC_WARN_64_TO_32_BIT_CONVERSION = YES;
				GCC_WARN_ABOUT_RETURN_TYPE = YES_ERROR;
				GCC_WARN_UNDECLARED_SELECTOR = YES;
				GCC_WARN_UNINITIALIZED_AUTOS = YES_AGGRESSIVE;
				GCC_WARN_UNUSED_FUNCTION = YES;
				GCC_WARN_UNUSED_VARIABLE = YES;
				MACOSX_DEPLOYMENT_TARGET = 10.11;
				MTL_ENABLE_DEBUG_INFO = NO;
				SDKROOT = macosx;
			};
			name = Release;
		};
		27267B0E1D8D63DE001DA8D4 /* Debug */ = {
			isa = XCBuildConfiguration;
			buildSettings = {
				ASSETCATALOG_COMPILER_APPICON_NAME = AppIcon;
				CODE_SIGN_IDENTITY = "Mac Developer";
				COMBINE_HIDPI_IMAGES = YES;
				DEVELOPMENT_TEAM = JSY962FCU8;
				INFOPLIST_FILE = LogDisabler/Info.plist;
				LD_RUNPATH_SEARCH_PATHS = "$(inherited) @executable_path/../Frameworks";
				PRODUCT_BUNDLE_IDENTIFIER = com.miksoft.LogDisabler;
				PRODUCT_NAME = "$(TARGET_NAME)";
			};
			name = Debug;
		};
		27267B0F1D8D63DE001DA8D4 /* Release */ = {
			isa = XCBuildConfiguration;
			buildSettings = {
				ASSETCATALOG_COMPILER_APPICON_NAME = AppIcon;
				CODE_SIGN_IDENTITY = "Mac Developer";
				COMBINE_HIDPI_IMAGES = YES;
				DEVELOPMENT_TEAM = JSY962FCU8;
				INFOPLIST_FILE = LogDisabler/Info.plist;
				LD_RUNPATH_SEARCH_PATHS = "$(inherited) @executable_path/../Frameworks";
				PRODUCT_BUNDLE_IDENTIFIER = com.miksoft.LogDisabler;
				PRODUCT_NAME = "$(TARGET_NAME)";
			};
			name = Release;
		};
		27267B261D8D6404001DA8D4 /* Debug */ = {
			isa = XCBuildConfiguration;
			buildSettings = {
				CODE_SIGN_ENTITLEMENTS = "Manage Comments/Manage_Comments.entitlements";
				CODE_SIGN_IDENTITY = "Mac Developer";
				COMBINE_HIDPI_IMAGES = YES;
				DEVELOPMENT_TEAM = JSY962FCU8;
				INFOPLIST_FILE = "Manage Comments/Info.plist";
				LD_RUNPATH_SEARCH_PATHS = "$(inherited) @executable_path/../Frameworks @executable_path/../../../../Frameworks";
				MACOSX_DEPLOYMENT_TARGET = 10.11;
				PRODUCT_BUNDLE_IDENTIFIER = "com.miksoft.LogDisabler.Manage-Comments";
				PRODUCT_NAME = "$(TARGET_NAME)";
				SKIP_INSTALL = YES;
			};
			name = Debug;
		};
		27267B271D8D6404001DA8D4 /* Release */ = {
			isa = XCBuildConfiguration;
			buildSettings = {
				CODE_SIGN_ENTITLEMENTS = "Manage Comments/Manage_Comments.entitlements";
				CODE_SIGN_IDENTITY = "Mac Developer";
				COMBINE_HIDPI_IMAGES = YES;
				DEVELOPMENT_TEAM = JSY962FCU8;
				INFOPLIST_FILE = "Manage Comments/Info.plist";
				LD_RUNPATH_SEARCH_PATHS = "$(inherited) @executable_path/../Frameworks @executable_path/../../../../Frameworks";
				MACOSX_DEPLOYMENT_TARGET = 10.11;
				PRODUCT_BUNDLE_IDENTIFIER = "com.miksoft.LogDisabler.Manage-Comments";
				PRODUCT_NAME = "$(TARGET_NAME)";
				SKIP_INSTALL = YES;
			};
			name = Release;
		};
/* End XCBuildConfiguration section */

/* Begin XCConfigurationList section */
		27267AF71D8D63DE001DA8D4 /* Build configuration list for PBXProject "LogDisabler" */ = {
			isa = XCConfigurationList;
			buildConfigurations = (
				27267B0B1D8D63DE001DA8D4 /* Debug */,
				27267B0C1D8D63DE001DA8D4 /* Release */,
			);
			defaultConfigurationIsVisible = 0;
			defaultConfigurationName = Release;
		};
		27267B0D1D8D63DE001DA8D4 /* Build configuration list for PBXNativeTarget "LogDisabler" */ = {
			isa = XCConfigurationList;
			buildConfigurations = (
				27267B0E1D8D63DE001DA8D4 /* Debug */,
				27267B0F1D8D63DE001DA8D4 /* Release */,
			);
			defaultConfigurationIsVisible = 0;
			defaultConfigurationName = Release;
		};
		27267B251D8D6404001DA8D4 /* Build configuration list for PBXNativeTarget "Manage Comments" */ = {
			isa = XCConfigurationList;
			buildConfigurations = (
				27267B261D8D6404001DA8D4 /* Debug */,
				27267B271D8D6404001DA8D4 /* Release */,
			);
			defaultConfigurationIsVisible = 0;
			defaultConfigurationName = Release;
		};
/* End XCConfigurationList section */
	};
	rootObject = 27267AF41D8D63DE001DA8D4 /* Project object */;
}
